
Microsoft Visual Studio Solution File, Format Version 12.00
# Visual Studio Version 16
VisualStudioVersion = 16.0.31424.327
MinimumVisualStudioVersion = 10.0.40219.1
Project("{FAE04EC0-301F-11D3-BF4B-00C04F79EFBC}") = "Task1", "Task1\Task1.csproj", "{BCA1B507-25CD-4024-8AF9-06D24EC6A0CD}"
EndProject
Global
	GlobalSection(SolutionConfigurationPlatforms) = preSolution
		Debug|Any CPU = Debug|Any CPU
		Release|Any CPU = Release|Any CPU
	EndGlobalSection
	GlobalSection(ProjectConfigurationPlatforms) = postSolution
		{BCA1B507-25CD-4024-8AF9-06D24EC6A0CD}.Debug|Any CPU.ActiveCfg = Debug|Any CPU
		{BCA1B507-25CD-4024-8AF9-06D24EC6A0CD}.Debug|Any CPU.Build.0 = Debug|Any CPU
		{BCA1B507-25CD-4024-8AF9-06D24EC6A0CD}.Release|Any CPU.ActiveCfg = Release|Any CPU
		{BCA1B507-25CD-4024-8AF9-06D24EC6A0CD}.Release|Any CPU.Build.0 = Release|Any CPU
	EndGlobalSection
	GlobalSection(SolutionProperties) = preSolution
		HideSolutionNode = FALSE
	EndGlobalSection
	GlobalSection(ExtensibilityGlobals) = postSolution
		SolutionGuid = {91B35266-77BA-4B1F-807B-4DE4724C75C5}
	EndGlobalSection
EndGlobal
