
Microsoft Visual Studio Solution File, Format Version 12.00
# Visual Studio Version 16
VisualStudioVersion = 16.0.31424.327
MinimumVisualStudioVersion = 10.0.40219.1
Project("{FAE04EC0-301F-11D3-BF4B-00C04F79EFBC}") = "Interfaces", "Interfaces\Interfaces.csproj", "{A3D647A2-62BF-4B8A-B483-B4EA6717C82C}"
EndProject
Global
	GlobalSection(SolutionConfigurationPlatforms) = preSolution
		Debug|Any CPU = Debug|Any CPU
		Release|Any CPU = Release|Any CPU
	EndGlobalSection
	GlobalSection(ProjectConfigurationPlatforms) = postSolution
		{A3D647A2-62BF-4B8A-B483-B4EA6717C82C}.Debug|Any CPU.ActiveCfg = Debug|Any CPU
		{A3D647A2-62BF-4B8A-B483-B4EA6717C82C}.Debug|Any CPU.Build.0 = Debug|Any CPU
		{A3D647A2-62BF-4B8A-B483-B4EA6717C82C}.Release|Any CPU.ActiveCfg = Release|Any CPU
		{A3D647A2-62BF-4B8A-B483-B4EA6717C82C}.Release|Any CPU.Build.0 = Release|Any CPU
	EndGlobalSection
	GlobalSection(SolutionProperties) = preSolution
		HideSolutionNode = FALSE
	EndGlobalSection
	GlobalSection(ExtensibilityGlobals) = postSolution
		SolutionGuid = {BC38B567-E603-407C-A5B2-EF4B1A5556CE}
	EndGlobalSection
EndGlobal
